<?xml version="1.0" encoding="utf-8"?>
<Project ToolsVersion="4.0" xmlns="http://schemas.microsoft.com/developer/msbuild/2003">
  <ItemGroup>
    <Filter Include="res">
      <UniqueIdentifier>{67DA6AB6-F800-4c08-8B7A-83BB121AAD01}</UniqueIdentifier>
      <Extensions>rc;ico;cur;bmp;dlg;rc2;rct;bin;rgs;gif;jpg;jpeg;jpe;resx;tiff;tif;png;wav;mfcribbon-ms</Extensions>
    </Filter>
    <Filter Include="Board">
      <UniqueIdentifier>{779fac0c-3e3f-48da-b031-b415efef4914}</UniqueIdentifier>
    </Filter>
    <Filter Include="Board\include">
      <UniqueIdentifier>{30cb0777-49fb-4a90-9d8f-3e8d506c87ce}</UniqueIdentifier>
    </Filter>
    <Filter Include="Board\src">
      <UniqueIdentifier>{45935214-f808-4cb4-9898-7093e92a01be}</UniqueIdentifier>
    </Filter>
    <Filter Include="Dialogs">
      <UniqueIdentifier>{73dde442-5d39-4c1d-af3d-8b4a1992b7e9}</UniqueIdentifier>
    </Filter>
    <Filter Include="Dialogs\include">
      <UniqueIdentifier>{d638d426-6077-418a-8eea-ea2d21fabcb7}</UniqueIdentifier>
    </Filter>
    <Filter Include="Dialogs\src">
      <UniqueIdentifier>{3d172f81-5b13-491f-b7cd-79caf210f85e}</UniqueIdentifier>
    </Filter>
    <Filter Include="Lawn">
      <UniqueIdentifier>{8b5a80c5-7ba3-44e5-93c2-b0b468de5e08}</UniqueIdentifier>
    </Filter>
    <Filter Include="Lawn\src">
      <UniqueIdentifier>{4FC737F1-C7A5-4376-A066-2A32D752A2FF}</UniqueIdentifier>
      <Extensions>cpp;c;cc;cxx;c++;cppm;ixx;def;odl;idl;hpj;bat;asm;asmx</Extensions>
    </Filter>
    <Filter Include="Lawn\include">
      <UniqueIdentifier>{93995380-89BD-4b04-88EB-625FBE52EBFB}</UniqueIdentifier>
      <Extensions>h;hh;hpp;hxx;h++;hm;inl;inc;ipp;xsd</Extensions>
    </Filter>
  </ItemGroup>
  <ItemGroup>
    <ClCompile Include="Lawn.cpp">
      <Filter>Lawn\src</Filter>
    </ClCompile>
    <ClCompile Include="LawnApp.cpp">
      <Filter>Lawn\src</Filter>
    </ClCompile>
    <ClCompile Include="LoadingPage.cpp">
      <Filter>Lawn\src</Filter>
    </ClCompile>
    <ClCompile Include="GameSelector.cpp">
      <Filter>Lawn\src</Filter>
    </ClCompile>
    <ClCompile Include="Dialogs\SettingDialog.cpp">
      <Filter>Dialogs\src</Filter>
    </ClCompile>
    <ClCompile Include="LawnPlayerInfo.cpp">
      <Filter>Lawn\src</Filter>
    </ClCompile>
    <ClCompile Include="LawnCursor.cpp">
      <Filter>Lawn\src</Filter>
    </ClCompile>
    <ClCompile Include="LawnTip.cpp">
      <Filter>Lawn\src</Filter>
    </ClCompile>
    <ClCompile Include="Board\LawnMover.cpp">
      <Filter>Lawn\src</Filter>
    </ClCompile>
    <ClCompile Include="Resources.cpp">
      <Filter>Lawn\src</Filter>
    </ClCompile>
    <ClCompile Include="Board\Board.cpp">
      <Filter>Board\src</Filter>
    </ClCompile>
    <ClCompile Include="Dialogs\PauseDialog.cpp">
      <Filter>Dialogs\src</Filter>
    </ClCompile>
    <ClCompile Include="Board\Projectile.cpp">
      <Filter>Board\src</Filter>
    </ClCompile>
    <ClCompile Include="Board\Plant.cpp">
      <Filter>Board\src</Filter>
    </ClCompile>
    <ClCompile Include="Board\Zombie.cpp">
      <Filter>Board\src</Filter>
    </ClCompile>
    <ClCompile Include="Board\SeedPack.cpp">
      <Filter>Board\src</Filter>
    </ClCompile>
    <ClCompile Include="Board\SceneObejct.cpp">
      <Filter>Board\src</Filter>
    </ClCompile>
    <ClCompile Include="Board\GameObject.cpp">
      <Filter>Board\src</Filter>
    </ClCompile>
    <ClCompile Include="Board\BoardAnimator.cpp">
      <Filter>Board\src</Filter>
    </ClCompile>
    <ClCompile Include="BasicWidgets.cpp">
      <Filter>Board\src</Filter>
    </ClCompile>
    <ClCompile Include="SeedChooseScreen.cpp">
      <Filter>Lawn\src</Filter>
    </ClCompile>
  </ItemGroup>
  <ItemGroup>
    <ClInclude Include="LawnApp.h">
      <Filter>Lawn\include</Filter>
    </ClInclude>
    <ClInclude Include="Constant.h">
      <Filter>Lawn\include</Filter>
    </ClInclude>
    <ClInclude Include="LoadingPage.h">
      <Filter>Lawn\include</Filter>
    </ClInclude>
    <ClInclude Include="GameSelector.h">
      <Filter>Lawn\include</Filter>
    </ClInclude>
    <ClInclude Include="Dialogs\SettingDialog.h">
      <Filter>Dialogs\include</Filter>
    </ClInclude>
    <ClInclude Include="Board\GameObject.h">
      <Filter>Board\include</Filter>
    </ClInclude>
    <ClInclude Include="Board\Projectile.h">
      <Filter>Lawn\include</Filter>
    </ClInclude>
    <ClInclude Include="LawnPlayerInfo.h">
      <Filter>Lawn\include</Filter>
    </ClInclude>
    <ClInclude Include="LawnCursor.h">
      <Filter>Lawn\include</Filter>
    </ClInclude>
    <ClInclude Include="LawnTip.h">
      <Filter>Lawn\include</Filter>
    </ClInclude>
    <ClInclude Include="Board\LawnMover.h">
      <Filter>Lawn\include</Filter>
    </ClInclude>
    <ClInclude Include="Resources.h">
      <Filter>Lawn\include</Filter>
    </ClInclude>
    <ClInclude Include="Board\Zombie.h">
      <Filter>Board\include</Filter>
    </ClInclude>
    <ClInclude Include="Board\SeedPack.h">
      <Filter>Board\include</Filter>
    </ClInclude>
    <ClInclude Include="Board\SceneObejct.h">
      <Filter>Board\include</Filter>
    </ClInclude>
    <ClInclude Include="Board\Plant.h">
      <Filter>Board\include</Filter>
    </ClInclude>
    <ClInclude Include="Board\BoardEnums.h">
      <Filter>Board\include</Filter>
    </ClInclude>
    <ClInclude Include="Board\BoardAnimator.h">
      <Filter>Board\include</Filter>
    </ClInclude>
    <ClInclude Include="BasicWidgets.h">
      <Filter>Board\include</Filter>
    </ClInclude>
    <ClInclude Include="Board\Board.h">
      <Filter>Board\include</Filter>
    </ClInclude>
    <ClInclude Include="Dialogs\PauseDialog.h">
      <Filter>Dialogs\include</Filter>
    </ClInclude>
    <ClInclude Include="res\resource.h">
      <Filter>res</Filter>
    </ClInclude>
    <ClInclude Include="Board\Coin.h">
      <Filter>Board\include</Filter>
    </ClInclude>
    <ClInclude Include="Board\ObjectArray.h">
      <Filter>Board\include</Filter>
    </ClInclude>
    <ClInclude Include="SeedChooseScreen.h">
      <Filter>Board\include</Filter>
    </ClInclude>
  </ItemGroup>
  <ItemGroup>
    <ResourceCompile Include="res\Lawn.rc">
      <Filter>res</Filter>
    </ResourceCompile>
  </ItemGroup>
  <ItemGroup>
    <Image Include="res\main_ico.ico">
      <Filter>res</Filter>
    </Image>
  </ItemGroup>
</Project>