<?xml version="1.0" encoding="utf-8"?>
<Project ToolsVersion="4.0" xmlns="http://schemas.microsoft.com/developer/msbuild/2003">
  <ItemGroup>
    <Filter Include="include">
      <UniqueIdentifier>{93995380-89BD-4b04-88EB-625FBE52EBFB}</UniqueIdentifier>
      <Extensions>h;hh;hpp;hxx;h++;hm;inl;inc;ipp;xsd</Extensions>
    </Filter>
    <Filter Include="src">
      <UniqueIdentifier>{4FC737F1-C7A5-4376-A066-2A32D752A2FF}</UniqueIdentifier>
      <Extensions>cpp;c;cc;cxx;c++;cppm;ixx;def;odl;idl;hpj;bat;asm;asmx</Extensions>
    </Filter>
    <Filter Include="res">
      <UniqueIdentifier>{67DA6AB6-F800-4c08-8B7A-83BB121AAD01}</UniqueIdentifier>
      <Extensions>rc;ico;cur;bmp;dlg;rc2;rct;bin;rgs;gif;jpg;jpeg;jpe;resx;tiff;tif;png;wav;mfcribbon-ms</Extensions>
    </Filter>
  </ItemGroup>
  <ItemGroup>
    <ClCompile Include="src\SimpleApp.cpp">
      <Filter>src</Filter>
    </ClCompile>
    <ClCompile Include="src\Graphics.cpp">
      <Filter>src</Filter>
    </ClCompile>
    <ClCompile Include="src\SimpleImage.cpp">
      <Filter>src</Filter>
    </ClCompile>
    <ClCompile Include="src\ResourceManager.cpp">
      <Filter>src</Filter>
    </ClCompile>
    <ClCompile Include="src\Program.cpp">
      <Filter>src</Filter>
    </ClCompile>
    <ClCompile Include="src\WidgetSystem.cpp">
      <Filter>src</Filter>
    </ClCompile>
    <ClCompile Include="src\GameApp.cpp">
      <Filter>src</Filter>
    </ClCompile>
    <ClCompile Include="src\GameMessage.cpp">
      <Filter>src</Filter>
    </ClCompile>
    <ClCompile Include="src\Reanimation.cpp">
      <Filter>src</Filter>
    </ClCompile>
    <ClCompile Include="..\pugixml\pugixml.cpp">
      <Filter>src</Filter>
    </ClCompile>
    <ClCompile Include="src\Animator.cpp">
      <Filter>src</Filter>
    </ClCompile>
    <ClCompile Include="src\Dictionary.cpp">
      <Filter>src</Filter>
    </ClCompile>
    <ClCompile Include="src\Font.cpp">
      <Filter>src</Filter>
    </ClCompile>
    <ClCompile Include="src\MusicSystem.cpp">
      <Filter>src</Filter>
    </ClCompile>
    <ClCompile Include="src\Particle.cpp">
      <Filter>src</Filter>
    </ClCompile>
    <ClCompile Include="src\CursorObject.cpp">
      <Filter>src</Filter>
    </ClCompile>
    <ClCompile Include="src\PlayerInfo.cpp">
      <Filter>src</Filter>
    </ClCompile>
    <ClCompile Include="PopCom\CompiledReader.cpp">
      <Filter>src</Filter>
    </ClCompile>
    <ClCompile Include="PopCom\zlib\adler32.c">
      <Filter>src</Filter>
    </ClCompile>
    <ClCompile Include="PopCom\zlib\compress.c">
      <Filter>src</Filter>
    </ClCompile>
    <ClCompile Include="PopCom\zlib\crc32.c">
      <Filter>src</Filter>
    </ClCompile>
    <ClCompile Include="PopCom\zlib\deflate.c">
      <Filter>src</Filter>
    </ClCompile>
    <ClCompile Include="PopCom\zlib\gzio.c">
      <Filter>src</Filter>
    </ClCompile>
    <ClCompile Include="PopCom\zlib\infblock.c">
      <Filter>src</Filter>
    </ClCompile>
    <ClCompile Include="PopCom\zlib\infcodes.c">
      <Filter>src</Filter>
    </ClCompile>
    <ClCompile Include="PopCom\zlib\inffast.c">
      <Filter>src</Filter>
    </ClCompile>
    <ClCompile Include="PopCom\zlib\inflate.c">
      <Filter>src</Filter>
    </ClCompile>
    <ClCompile Include="PopCom\zlib\inftrees.c">
      <Filter>src</Filter>
    </ClCompile>
    <ClCompile Include="PopCom\zlib\infutil.c">
      <Filter>src</Filter>
    </ClCompile>
    <ClCompile Include="PopCom\zlib\trees.c">
      <Filter>src</Filter>
    </ClCompile>
    <ClCompile Include="PopCom\zlib\uncompr.c">
      <Filter>src</Filter>
    </ClCompile>
    <ClCompile Include="PopCom\zlib\zutil.c">
      <Filter>src</Filter>
    </ClCompile>
    <ClCompile Include="src\LogoScreen.cpp">
      <Filter>src</Filter>
    </ClCompile>
  </ItemGroup>
  <ItemGroup>
    <ClInclude Include="include\SimpleApp.h">
      <Filter>include</Filter>
    </ClInclude>
    <ClInclude Include="include\Graphics.h">
      <Filter>include</Filter>
    </ClInclude>
    <ClInclude Include="include\Common.h">
      <Filter>include</Filter>
    </ClInclude>
    <ClInclude Include="..\stb\stb_image.h">
      <Filter>include</Filter>
    </ClInclude>
    <ClInclude Include="include\SimpleImage.h">
      <Filter>include</Filter>
    </ClInclude>
    <ClInclude Include="include\ResourceManager.h">
      <Filter>include</Filter>
    </ClInclude>
    <ClInclude Include="include\Program.h">
      <Filter>include</Filter>
    </ClInclude>
    <ClInclude Include="include\GameMessage.h">
      <Filter>include</Filter>
    </ClInclude>
    <ClInclude Include="include\WidgetSystem.h">
      <Filter>include</Filter>
    </ClInclude>
    <ClInclude Include="include\GameApp.h">
      <Filter>include</Filter>
    </ClInclude>
    <ClInclude Include="include\Reanimation.h">
      <Filter>include</Filter>
    </ClInclude>
    <ClInclude Include="include\Animator.h">
      <Filter>include</Filter>
    </ClInclude>
    <ClInclude Include="include\Dictionary.h">
      <Filter>include</Filter>
    </ClInclude>
    <ClInclude Include="include\json.hpp">
      <Filter>include</Filter>
    </ClInclude>
    <ClInclude Include="include\Particle.h">
      <Filter>include</Filter>
    </ClInclude>
    <ClInclude Include="include\Font.h">
      <Filter>include</Filter>
    </ClInclude>
    <ClInclude Include="include\MusicSystem.h">
      <Filter>include</Filter>
    </ClInclude>
    <ClInclude Include="include\CursorObject.h">
      <Filter>include</Filter>
    </ClInclude>
    <ClInclude Include="include\PlayerInfo.h">
      <Filter>include</Filter>
    </ClInclude>
    <ClInclude Include="PopCom\CompiledReader.h">
      <Filter>include</Filter>
    </ClInclude>
    <ClInclude Include="PopCom\zlib\deflate.h">
      <Filter>include</Filter>
    </ClInclude>
    <ClInclude Include="PopCom\zlib\infblock.h">
      <Filter>include</Filter>
    </ClInclude>
    <ClInclude Include="PopCom\zlib\infcodes.h">
      <Filter>include</Filter>
    </ClInclude>
    <ClInclude Include="PopCom\zlib\inffast.h">
      <Filter>include</Filter>
    </ClInclude>
    <ClInclude Include="PopCom\zlib\inffixed.h">
      <Filter>include</Filter>
    </ClInclude>
    <ClInclude Include="PopCom\zlib\inftrees.h">
      <Filter>include</Filter>
    </ClInclude>
    <ClInclude Include="PopCom\zlib\infutil.h">
      <Filter>include</Filter>
    </ClInclude>
    <ClInclude Include="PopCom\zlib\trees.h">
      <Filter>include</Filter>
    </ClInclude>
    <ClInclude Include="PopCom\zlib\zconf.h">
      <Filter>include</Filter>
    </ClInclude>
    <ClInclude Include="PopCom\zlib\zlib.h">
      <Filter>include</Filter>
    </ClInclude>
    <ClInclude Include="PopCom\zlib\zutil.h">
      <Filter>include</Filter>
    </ClInclude>
    <ClInclude Include="include\LogoScreen.h">
      <Filter>include</Filter>
    </ClInclude>
    <ClInclude Include="include\EffectHolder.h">
      <Filter>include</Filter>
    </ClInclude>
    <ClInclude Include="include\TickCounter.h">
      <Filter>include</Filter>
    </ClInclude>
  </ItemGroup>
  <ItemGroup>
    <Text Include="PopCom\zlib\algorithm.txt" />
  </ItemGroup>
  <ItemGroup>
    <None Include="PopCom\zlib\ChangeLog" />
    <None Include="PopCom\zlib\configure" />
    <None Include="PopCom\zlib\descrip.mms" />
    <None Include="PopCom\zlib\faq" />
    <None Include="PopCom\zlib\index" />
  </ItemGroup>
</Project>